
Microsoft Visual Studio Solution File, Format Version 12.00
# Visual Studio Version 17
VisualStudioVersion = 17.9.34723.18
MinimumVisualStudioVersion = 10.0.40219.1
Project("{2150E333-8FDC-42A3-9474-1A3956D46DE8}") = "Services", "Services", "{D5DAFDC1-78C0-4CF9-81BB-6ABAC01C21AE}"
EndProject
Project("{2150E333-8FDC-42A3-9474-1A3956D46DE8}") = "Catalog", "Catalog", "{F72F9A77-6119-469D-A207-8F5E8FD02111}"
EndProject
Project("{9A19103F-16F7-4668-BE54-9A1E7A4F7556}") = "Catalog.API", "Services\Catalog\Catalog.API\Catalog.API.csproj", "{2FE9C9B6-AF68-4A29-B7BB-C3F95C3347BA}"
EndProject
Project("{2150E333-8FDC-42A3-9474-1A3956D46DE8}") = "BuildingBlocks", "BuildingBlocks", "{25A9EA32-47F3-4527-95C8-932393C57AD4}"
EndProject
Project("{9A19103F-16F7-4668-BE54-9A1E7A4F7556}") = "BuildingBlocks", "BuildingBlocks\BuildingBlocks\BuildingBlocks.csproj", "{935C9656-BAB2-4677-AC9C-604E7B46B969}"
EndProject
Project("{E53339B2-1760-4266-BCC7-CA923CBCF16C}") = "docker-compose", "docker-compose.dcproj", "{A98C9F9A-C3B4-462C-8E8C-A73C30463A67}"
EndProject
Project("{9A19103F-16F7-4668-BE54-9A1E7A4F7556}") = "Basket.API", "Services\Basket\Basket.API\Basket.API.csproj", "{2BCE8F35-C427-4221-9593-89988BFA0F34}"
EndProject
Project("{2150E333-8FDC-42A3-9474-1A3956D46DE8}") = "Basket", "Basket", "{11F37330-2E5E-4073-BEE7-F8CC79FC21D3}"
EndProject
Project("{2150E333-8FDC-42A3-9474-1A3956D46DE8}") = "Discount", "Discount", "{E34E4193-3CAA-4633-8910-7762DD94AD26}"
EndProject
Project("{9A19103F-16F7-4668-BE54-9A1E7A4F7556}") = "Discount.Grpc", "Services\Discount\Discount.Grpc\Discount.Grpc.csproj", "{933F8B00-F6AF-49F7-889F-3A68E2F3907C}"
EndProject
Project("{2150E333-8FDC-42A3-9474-1A3956D46DE8}") = "Ordering", "Ordering", "{F5602BFC-C116-4B9E-B277-FA89B080776F}"
EndProject
Project("{9A19103F-16F7-4668-BE54-9A1E7A4F7556}") = "Ordering.API", "Services\Ordering\Ordering.API\Ordering.API.csproj", "{FB25CA34-0CD1-4BF4-882F-BA1A7ABBAF06}"
EndProject
Project("{FAE04EC0-301F-11D3-BF4B-00C04F79EFBC}") = "Ordering.Domain", "Services\Ordering\Ordering.Domain\Ordering.Domain.csproj", "{506A0FC8-24E0-4EF4-8114-5D5DDD126D26}"
EndProject
Project("{FAE04EC0-301F-11D3-BF4B-00C04F79EFBC}") = "Ordering.Application", "Services\Ordering\Ordering.Application\Ordering.Application.csproj", "{4F8A24D6-08B9-4384-882D-C59531C1D905}"
EndProject
Project("{FAE04EC0-301F-11D3-BF4B-00C04F79EFBC}") = "Ordering.Infrastructure", "Services\Ordering\Ordering.Infrastructure\Ordering.Infrastructure.csproj", "{5E2B45E0-F478-4404-9E77-5915ABDF8F9B}"
EndProject
Global
	GlobalSection(SolutionConfigurationPlatforms) = preSolution
		Debug|Any CPU = Debug|Any CPU
		Release|Any CPU = Release|Any CPU
	EndGlobalSection
	GlobalSection(ProjectConfigurationPlatforms) = postSolution
		{2FE9C9B6-AF68-4A29-B7BB-C3F95C3347BA}.Debug|Any CPU.ActiveCfg = Debug|Any CPU
		{2FE9C9B6-AF68-4A29-B7BB-C3F95C3347BA}.Debug|Any CPU.Build.0 = Debug|Any CPU
		{2FE9C9B6-AF68-4A29-B7BB-C3F95C3347BA}.Release|Any CPU.ActiveCfg = Release|Any CPU
		{2FE9C9B6-AF68-4A29-B7BB-C3F95C3347BA}.Release|Any CPU.Build.0 = Release|Any CPU
		{935C9656-BAB2-4677-AC9C-604E7B46B969}.Debug|Any CPU.ActiveCfg = Debug|Any CPU
		{935C9656-BAB2-4677-AC9C-604E7B46B969}.Debug|Any CPU.Build.0 = Debug|Any CPU
		{935C9656-BAB2-4677-AC9C-604E7B46B969}.Release|Any CPU.ActiveCfg = Release|Any CPU
		{935C9656-BAB2-4677-AC9C-604E7B46B969}.Release|Any CPU.Build.0 = Release|Any CPU
		{A98C9F9A-C3B4-462C-8E8C-A73C30463A67}.Debug|Any CPU.ActiveCfg = Debug|Any CPU
		{A98C9F9A-C3B4-462C-8E8C-A73C30463A67}.Debug|Any CPU.Build.0 = Debug|Any CPU
		{A98C9F9A-C3B4-462C-8E8C-A73C30463A67}.Release|Any CPU.ActiveCfg = Release|Any CPU
		{A98C9F9A-C3B4-462C-8E8C-A73C30463A67}.Release|Any CPU.Build.0 = Release|Any CPU
		{2BCE8F35-C427-4221-9593-89988BFA0F34}.Debug|Any CPU.ActiveCfg = Debug|Any CPU
		{2BCE8F35-C427-4221-9593-89988BFA0F34}.Debug|Any CPU.Build.0 = Debug|Any CPU
		{2BCE8F35-C427-4221-9593-89988BFA0F34}.Release|Any CPU.ActiveCfg = Release|Any CPU
		{2BCE8F35-C427-4221-9593-89988BFA0F34}.Release|Any CPU.Build.0 = Release|Any CPU
		{933F8B00-F6AF-49F7-889F-3A68E2F3907C}.Debug|Any CPU.ActiveCfg = Debug|Any CPU
		{933F8B00-F6AF-49F7-889F-3A68E2F3907C}.Debug|Any CPU.Build.0 = Debug|Any CPU
		{933F8B00-F6AF-49F7-889F-3A68E2F3907C}.Release|Any CPU.ActiveCfg = Release|Any CPU
		{933F8B00-F6AF-49F7-889F-3A68E2F3907C}.Release|Any CPU.Build.0 = Release|Any CPU
		{FB25CA34-0CD1-4BF4-882F-BA1A7ABBAF06}.Debug|Any CPU.ActiveCfg = Debug|Any CPU
		{FB25CA34-0CD1-4BF4-882F-BA1A7ABBAF06}.Debug|Any CPU.Build.0 = Debug|Any CPU
		{FB25CA34-0CD1-4BF4-882F-BA1A7ABBAF06}.Release|Any CPU.ActiveCfg = Release|Any CPU
		{FB25CA34-0CD1-4BF4-882F-BA1A7ABBAF06}.Release|Any CPU.Build.0 = Release|Any CPU
		{506A0FC8-24E0-4EF4-8114-5D5DDD126D26}.Debug|Any CPU.ActiveCfg = Debug|Any CPU
		{506A0FC8-24E0-4EF4-8114-5D5DDD126D26}.Debug|Any CPU.Build.0 = Debug|Any CPU
		{506A0FC8-24E0-4EF4-8114-5D5DDD126D26}.Release|Any CPU.ActiveCfg = Release|Any CPU
		{506A0FC8-24E0-4EF4-8114-5D5DDD126D26}.Release|Any CPU.Build.0 = Release|Any CPU
		{4F8A24D6-08B9-4384-882D-C59531C1D905}.Debug|Any CPU.ActiveCfg = Debug|Any CPU
		{4F8A24D6-08B9-4384-882D-C59531C1D905}.Debug|Any CPU.Build.0 = Debug|Any CPU
		{4F8A24D6-08B9-4384-882D-C59531C1D905}.Release|Any CPU.ActiveCfg = Release|Any CPU
		{4F8A24D6-08B9-4384-882D-C59531C1D905}.Release|Any CPU.Build.0 = Release|Any CPU
		{5E2B45E0-F478-4404-9E77-5915ABDF8F9B}.Debug|Any CPU.ActiveCfg = Debug|Any CPU
		{5E2B45E0-F478-4404-9E77-5915ABDF8F9B}.Debug|Any CPU.Build.0 = Debug|Any CPU
		{5E2B45E0-F478-4404-9E77-5915ABDF8F9B}.Release|Any CPU.ActiveCfg = Release|Any CPU
		{5E2B45E0-F478-4404-9E77-5915ABDF8F9B}.Release|Any CPU.Build.0 = Release|Any CPU
	EndGlobalSection
	GlobalSection(SolutionProperties) = preSolution
		HideSolutionNode = FALSE
	EndGlobalSection
	GlobalSection(NestedProjects) = preSolution
		{F72F9A77-6119-469D-A207-8F5E8FD02111} = {D5DAFDC1-78C0-4CF9-81BB-6ABAC01C21AE}
		{2FE9C9B6-AF68-4A29-B7BB-C3F95C3347BA} = {F72F9A77-6119-469D-A207-8F5E8FD02111}
		{935C9656-BAB2-4677-AC9C-604E7B46B969} = {25A9EA32-47F3-4527-95C8-932393C57AD4}
		{2BCE8F35-C427-4221-9593-89988BFA0F34} = {11F37330-2E5E-4073-BEE7-F8CC79FC21D3}
		{11F37330-2E5E-4073-BEE7-F8CC79FC21D3} = {D5DAFDC1-78C0-4CF9-81BB-6ABAC01C21AE}
		{E34E4193-3CAA-4633-8910-7762DD94AD26} = {D5DAFDC1-78C0-4CF9-81BB-6ABAC01C21AE}
		{933F8B00-F6AF-49F7-889F-3A68E2F3907C} = {E34E4193-3CAA-4633-8910-7762DD94AD26}
		{F5602BFC-C116-4B9E-B277-FA89B080776F} = {D5DAFDC1-78C0-4CF9-81BB-6ABAC01C21AE}
		{FB25CA34-0CD1-4BF4-882F-BA1A7ABBAF06} = {F5602BFC-C116-4B9E-B277-FA89B080776F}
		{506A0FC8-24E0-4EF4-8114-5D5DDD126D26} = {F5602BFC-C116-4B9E-B277-FA89B080776F}
		{4F8A24D6-08B9-4384-882D-C59531C1D905} = {F5602BFC-C116-4B9E-B277-FA89B080776F}
		{5E2B45E0-F478-4404-9E77-5915ABDF8F9B} = {F5602BFC-C116-4B9E-B277-FA89B080776F}
	EndGlobalSection
	GlobalSection(ExtensibilityGlobals) = postSolution
		SolutionGuid = {79A6EC2E-AC22-4012-B9CA-030D69767015}
	EndGlobalSection
EndGlobal
